{"product_name":"eacoophp","product_verion":"1.3.1","build_verion":"201812021322","access_token":"ab81f00537fd07182295313a699d790e","expiring_time":0,"accredit_status":"no","status_show_text":"EacooPHP-v1.3.1 <a class=\"btn btn-warning btn-flat btn-xs\" href=\"https:\/\/www.eacoophp.com\/pricing\" target=\"_blank\">\u672a\u6388\u6743<\/a>&nbsp;&nbsp;&nbsp;"}